
Microsoft Visual Studio Solution File, Format Version 12.00
# Visual Studio Version 17
VisualStudioVersion = 17.0.32112.339
MinimumVisualStudioVersion = 10.0.40219.1
Project("{FAE04EC0-301F-11D3-BF4B-00C04F79EFBC}") = "readit", "readit\readit.csproj", "{A8605964-9943-43A7-8056-2C40E47522DD}"
EndProject
Global
	GlobalSection(SolutionConfigurationPlatforms) = preSolution
		Debug|Any CPU = Debug|Any CPU
		Release|Any CPU = Release|Any CPU
	EndGlobalSection
	GlobalSection(ProjectConfigurationPlatforms) = postSolution
		{A8605964-9943-43A7-8056-2C40E47522DD}.Debug|Any CPU.ActiveCfg = Debug|Any CPU
		{A8605964-9943-43A7-8056-2C40E47522DD}.Debug|Any CPU.Build.0 = Debug|Any CPU
		{A8605964-9943-43A7-8056-2C40E47522DD}.Release|Any CPU.ActiveCfg = Release|Any CPU
		{A8605964-9943-43A7-8056-2C40E47522DD}.Release|Any CPU.Build.0 = Release|Any CPU
	EndGlobalSection
	GlobalSection(SolutionProperties) = preSolution
		HideSolutionNode = FALSE
	EndGlobalSection
	GlobalSection(ExtensibilityGlobals) = postSolution
		SolutionGuid = {FFD8370A-8C14-4258-9228-31A9A8B6EBF8}
	EndGlobalSection
EndGlobal
